
Microsoft Visual Studio Solution File, Format Version 12.00
# Visual Studio Version 17
VisualStudioVersion = 17.10.35013.160
MinimumVisualStudioVersion = 10.0.40219.1
Project("{FAE04EC0-301F-11D3-BF4B-00C04F79EFBC}") = "in2Task", "in2Task\in2Task.csproj", "{1DE343E8-3E30-4AE0-ADA1-B32C1477E7CE}"
EndProject
Global
	GlobalSection(SolutionConfigurationPlatforms) = preSolution
		Debug|Any CPU = Debug|Any CPU
		Release|Any CPU = Release|Any CPU
	EndGlobalSection
	GlobalSection(ProjectConfigurationPlatforms) = postSolution
		{1DE343E8-3E30-4AE0-ADA1-B32C1477E7CE}.Debug|Any CPU.ActiveCfg = Debug|Any CPU
		{1DE343E8-3E30-4AE0-ADA1-B32C1477E7CE}.Debug|Any CPU.Build.0 = Debug|Any CPU
		{1DE343E8-3E30-4AE0-ADA1-B32C1477E7CE}.Release|Any CPU.ActiveCfg = Release|Any CPU
		{1DE343E8-3E30-4AE0-ADA1-B32C1477E7CE}.Release|Any CPU.Build.0 = Release|Any CPU
	EndGlobalSection
	GlobalSection(SolutionProperties) = preSolution
		HideSolutionNode = FALSE
	EndGlobalSection
	GlobalSection(ExtensibilityGlobals) = postSolution
		SolutionGuid = {ACA697BA-0C3F-4F34-8E99-D6A405C91B30}
	EndGlobalSection
EndGlobal
